// !$*UTF8*$!
{
	archiveVersion = 1;
	classes = {
	};
	objectVersion = 50;
	objects = {

/* Begin PBXBuildFile section */
		9C6467692592C2A000E86C93 /* Tests_iOS.swift in Sources */ = {isa = PBXBuildFile; fileRef = 9C6467682592C2A000E86C93 /* Tests_iOS.swift */; };
		9C6467742592C2A000E86C93 /* Tests_macOS.swift in Sources */ = {isa = PBXBuildFile; fileRef = 9C6467732592C2A000E86C93 /* Tests_macOS.swift */; };
		9C6467762592C2A000E86C93 /* rest_consumerApp.swift in Sources */ = {isa = PBXBuildFile; fileRef = 9C64674D2592C29F00E86C93 /* rest_consumerApp.swift */; };
		9C6467772592C2A000E86C93 /* rest_consumerApp.swift in Sources */ = {isa = PBXBuildFile; fileRef = 9C64674D2592C29F00E86C93 /* rest_consumerApp.swift */; };
		9C6467782592C2A000E86C93 /* ContentView.swift in Sources */ = {isa = PBXBuildFile; fileRef = 9C64674E2592C29F00E86C93 /* ContentView.swift */; };
		9C6467792592C2A000E86C93 /* ContentView.swift in Sources */ = {isa = PBXBuildFile; fileRef = 9C64674E2592C29F00E86C93 /* ContentView.swift */; };
		9C64677A2592C2A000E86C93 /* Assets.xcassets in Resources */ = {isa = PBXBuildFile; fileRef = 9C64674F2592C2A000E86C93 /* Assets.xcassets */; };
		9C64677B2592C2A000E86C93 /* Assets.xcassets in Resources */ = {isa = PBXBuildFile; fileRef = 9C64674F2592C2A000E86C93 /* Assets.xcassets */; };
		9C64678F2592C48600E86C93 /* NetworkManager.swift in Sources */ = {isa = PBXBuildFile; fileRef = 9C64678E2592C48600E86C93 /* NetworkManager.swift */; };
		9C6467952592C5A300E86C93 /* Post.swift in Sources */ = {isa = PBXBuildFile; fileRef = 9C6467942592C5A300E86C93 /* Post.swift */; };
		9C64679B2592CC7400E86C93 /* PostListViewModel.swift in Sources */ = {isa = PBXBuildFile; fileRef = 9C64679A2592CC7400E86C93 /* PostListViewModel.swift */; };
/* End PBXBuildFile section */

/* Begin PBXContainerItemProxy section */
		9C6467652592C2A000E86C93 /* PBXContainerItemProxy */ = {
			isa = PBXContainerItemProxy;
			containerPortal = 9C6467482592C29F00E86C93 /* Project object */;
			proxyType = 1;
			remoteGlobalIDString = 9C6467532592C2A000E86C93;
			remoteInfo = "rest-consumer (iOS)";
		};
		9C6467702592C2A000E86C93 /* PBXContainerItemProxy */ = {
			isa = PBXContainerItemProxy;
			containerPortal = 9C6467482592C29F00E86C93 /* Project object */;
			proxyType = 1;
			remoteGlobalIDString = 9C64675B2592C2A000E86C93;
			remoteInfo = "rest-consumer (macOS)";
		};
/* End PBXContainerItemProxy section */

/* Begin PBXFileReference section */
		9C64674D2592C29F00E86C93 /* rest_consumerApp.swift */ = {isa = PBXFileReference; lastKnownFileType = sourcecode.swift; path = rest_consumerApp.swift; sourceTree = "<group>"; };
		9C64674E2592C29F00E86C93 /* ContentView.swift */ = {isa = PBXFileReference; lastKnownFileType = sourcecode.swift; path = ContentView.swift; sourceTree = "<group>"; };
		9C64674F2592C2A000E86C93 /* Assets.xcassets */ = {isa = PBXFileReference; lastKnownFileType = folder.assetcatalog; path = Assets.xcassets; sourceTree = "<group>"; };
		9C6467542592C2A000E86C93 /* rest-consumer.app */ = {isa = PBXFileReference; explicitFileType = wrapper.application; includeInIndex = 0; path = "rest-consumer.app"; sourceTree = BUILT_PRODUCTS_DIR; };
		9C6467572592C2A000E86C93 /* Info.plist */ = {isa = PBXFileReference; lastKnownFileType = text.plist.xml; path = Info.plist; sourceTree = "<group>"; };
		9C64675C2592C2A000E86C93 /* rest-consumer.app */ = {isa = PBXFileReference; explicitFileType = wrapper.application; includeInIndex = 0; path = "rest-consumer.app"; sourceTree = BUILT_PRODUCTS_DIR; };
		9C64675E2592C2A000E86C93 /* Info.plist */ = {isa = PBXFileReference; lastKnownFileType = text.plist.xml; path = Info.plist; sourceTree = "<group>"; };
		9C64675F2592C2A000E86C93 /* macOS.entitlements */ = {isa = PBXFileReference; lastKnownFileType = text.plist.entitlements; path = macOS.entitlements; sourceTree = "<group>"; };
		9C6467642592C2A000E86C93 /* Tests iOS.xctest */ = {isa = PBXFileReference; explicitFileType = wrapper.cfbundle; includeInIndex = 0; path = "Tests iOS.xctest"; sourceTree = BUILT_PRODUCTS_DIR; };
		9C6467682592C2A000E86C93 /* Tests_iOS.swift */ = {isa = PBXFileReference; lastKnownFileType = sourcecode.swift; path = Tests_iOS.swift; sourceTree = "<group>"; };
		9C64676A2592C2A000E86C93 /* Info.plist */ = {isa = PBXFileReference; lastKnownFileType = text.plist.xml; path = Info.plist; sourceTree = "<group>"; };
		9C64676F2592C2A000E86C93 /* Tests macOS.xctest */ = {isa = PBXFileReference; explicitFileType = wrapper.cfbundle; includeInIndex = 0; path = "Tests macOS.xctest"; sourceTree = BUILT_PRODUCTS_DIR; };
		9C6467732592C2A000E86C93 /* Tests_macOS.swift */ = {isa = PBXFileReference; lastKnownFileType = sourcecode.swift; path = Tests_macOS.swift; sourceTree = "<group>"; };
		9C6467752592C2A000E86C93 /* Info.plist */ = {isa = PBXFileReference; lastKnownFileType = text.plist.xml; path = Info.plist; sourceTree = "<group>"; };
		9C64678E2592C48600E86C93 /* NetworkManager.swift */ = {isa = PBXFileReference; lastKnownFileType = sourcecode.swift; path = NetworkManager.swift; sourceTree = "<group>"; };
		9C6467942592C5A300E86C93 /* Post.swift */ = {isa = PBXFileReference; lastKnownFileType = sourcecode.swift; path = Post.swift; sourceTree = "<group>"; };
		9C64679A2592CC7400E86C93 /* PostListViewModel.swift */ = {isa = PBXFileReference; lastKnownFileType = sourcecode.swift; path = PostListViewModel.swift; sourceTree = "<group>"; };
/* End PBXFileReference section */

/* Begin PBXFrameworksBuildPhase section */
		9C6467512592C2A000E86C93 /* Frameworks */ = {
			isa = PBXFrameworksBuildPhase;
			buildActionMask = 2147483647;
			files = (
			);
			runOnlyForDeploymentPostprocessing = 0;
		};
		9C6467592592C2A000E86C93 /* Frameworks */ = {
			isa = PBXFrameworksBuildPhase;
			buildActionMask = 2147483647;
			files = (
			);
			runOnlyForDeploymentPostprocessing = 0;
		};
		9C6467612592C2A000E86C93 /* Frameworks */ = {
			isa = PBXFrameworksBuildPhase;
			buildActionMask = 2147483647;
			files = (
			);
			runOnlyForDeploymentPostprocessing = 0;
		};
		9C64676C2592C2A000E86C93 /* Frameworks */ = {
			isa = PBXFrameworksBuildPhase;
			buildActionMask = 2147483647;
			files = (
			);
			runOnlyForDeploymentPostprocessing = 0;
		};
/* End PBXFrameworksBuildPhase section */

/* Begin PBXGroup section */
		9C6467472592C29F00E86C93 = {
			isa = PBXGroup;
			children = (
				9C64674C2592C29F00E86C93 /* Shared */,
				9C6467562592C2A000E86C93 /* iOS */,
				9C64675D2592C2A000E86C93 /* macOS */,
				9C6467672592C2A000E86C93 /* Tests iOS */,
				9C6467722592C2A000E86C93 /* Tests macOS */,
				9C6467552592C2A000E86C93 /* Products */,
			);
			sourceTree = "<group>";
		};
		9C64674C2592C29F00E86C93 /* Shared */ = {
			isa = PBXGroup;
			children = (
				9C64678E2592C48600E86C93 /* NetworkManager.swift */,
				9C6467942592C5A300E86C93 /* Post.swift */,
				9C64674D2592C29F00E86C93 /* rest_consumerApp.swift */,
				9C64674E2592C29F00E86C93 /* ContentView.swift */,
				9C64674F2592C2A000E86C93 /* Assets.xcassets */,
				9C64679A2592CC7400E86C93 /* PostListViewModel.swift */,
			);
			path = Shared;
			sourceTree = "<group>";
		};
		9C6467552592C2A000E86C93 /* Products */ = {
			isa = PBXGroup;
			children = (
				9C6467542592C2A000E86C93 /* rest-consumer.app */,
				9C64675C2592C2A000E86C93 /* rest-consumer.app */,
				9C6467642592C2A000E86C93 /* Tests iOS.xctest */,
				9C64676F2592C2A000E86C93 /* Tests macOS.xctest */,
			);
			name = Products;
			sourceTree = "<group>";
		};
		9C6467562592C2A000E86C93 /* iOS */ = {
			isa = PBXGroup;
			children = (
				9C6467572592C2A000E86C93 /* Info.plist */,
			);
			path = iOS;
			sourceTree = "<group>";
		};
		9C64675D2592C2A000E86C93 /* macOS */ = {
			isa = PBXGroup;
			children = (
				9C64675E2592C2A000E86C93 /* Info.plist */,
				9C64675F2592C2A000E86C93 /* macOS.entitlements */,
			);
			path = macOS;
			sourceTree = "<group>";
		};
		9C6467672592C2A000E86C93 /* Tests iOS */ = {
			isa = PBXGroup;
			children = (
				9C6467682592C2A000E86C93 /* Tests_iOS.swift */,
				9C64676A2592C2A000E86C93 /* Info.plist */,
			);
			path = "Tests iOS";
			sourceTree = "<group>";
		};
		9C6467722592C2A000E86C93 /* Tests macOS */ = {
			isa = PBXGroup;
			children = (
				9C6467732592C2A000E86C93 /* Tests_macOS.swift */,
				9C6467752592C2A000E86C93 /* Info.plist */,
			);
			path = "Tests macOS";
			sourceTree = "<group>";
		};
/* End PBXGroup section */

/* Begin PBXNativeTarget section */
		9C6467532592C2A000E86C93 /* rest-consumer (iOS) */ = {
			isa = PBXNativeTarget;
			buildConfigurationList = 9C64677E2592C2A000E86C93 /* Build configuration list for PBXNativeTarget "rest-consumer (iOS)" */;
			buildPhases = (
				9C6467502592C2A000E86C93 /* Sources */,
				9C6467512592C2A000E86C93 /* Frameworks */,
				9C6467522592C2A000E86C93 /* Resources */,
			);
			buildRules = (
			);
			dependencies = (
			);
			name = "rest-consumer (iOS)";
			productName = "rest-consumer (iOS)";
			productReference = 9C6467542592C2A000E86C93 /* rest-consumer.app */;
			productType = "com.apple.product-type.application";
		};
		9C64675B2592C2A000E86C93 /* rest-consumer (macOS) */ = {
			isa = PBXNativeTarget;
			buildConfigurationList = 9C6467812592C2A000E86C93 /* Build configuration list for PBXNativeTarget "rest-consumer (macOS)" */;
			buildPhases = (
				9C6467582592C2A000E86C93 /* Sources */,
				9C6467592592C2A000E86C93 /* Frameworks */,
				9C64675A2592C2A000E86C93 /* Resources */,
			);
			buildRules = (
			);
			dependencies = (
			);
			name = "rest-consumer (macOS)";
			productName = "rest-consumer (macOS)";
			productReference = 9C64675C2592C2A000E86C93 /* rest-consumer.app */;
			productType = "com.apple.product-type.application";
		};
		9C6467632592C2A000E86C93 /* Tests iOS */ = {
			isa = PBXNativeTarget;
			buildConfigurationList = 9C6467842592C2A000E86C93 /* Build configuration list for PBXNativeTarget "Tests iOS" */;
			buildPhases = (
				9C6467602592C2A000E86C93 /* Sources */,
				9C6467612592C2A000E86C93 /* Frameworks */,
				9C6467622592C2A000E86C93 /* Resources */,
			);
			buildRules = (
			);
			dependencies = (
				9C6467662592C2A000E86C93 /* PBXTargetDependency */,
			);
			name = "Tests iOS";
			productName = "Tests iOS";
			productReference = 9C6467642592C2A000E86C93 /* Tests iOS.xctest */;
			productType = "com.apple.product-type.bundle.ui-testing";
		};
		9C64676E2592C2A000E86C93 /* Tests macOS */ = {
			isa = PBXNativeTarget;
			buildConfigurationList = 9C6467872592C2A000E86C93 /* Build configuration list for PBXNativeTarget "Tests macOS" */;
			buildPhases = (
				9C64676B2592C2A000E86C93 /* Sources */,
				9C64676C2592C2A000E86C93 /* Frameworks */,
				9C64676D2592C2A000E86C93 /* Resources */,
			);
			buildRules = (
			);
			dependencies = (
				9C6467712592C2A000E86C93 /* PBXTargetDependency */,
			);
			name = "Tests macOS";
			productName = "Tests macOS";
			productReference = 9C64676F2592C2A000E86C93 /* Tests macOS.xctest */;
			productType = "com.apple.product-type.bundle.ui-testing";
		};
/* End PBXNativeTarget section */

/* Begin PBXProject section */
		9C6467482592C29F00E86C93 /* Project object */ = {
			isa = PBXProject;
			attributes = {
				LastSwiftUpdateCheck = 1230;
				LastUpgradeCheck = 1230;
				TargetAttributes = {
					9C6467532592C2A000E86C93 = {
						CreatedOnToolsVersion = 12.3;
					};
					9C64675B2592C2A000E86C93 = {
						CreatedOnToolsVersion = 12.3;
					};
					9C6467632592C2A000E86C93 = {
						CreatedOnToolsVersion = 12.3;
						TestTargetID = 9C6467532592C2A000E86C93;
					};
					9C64676E2592C2A000E86C93 = {
						CreatedOnToolsVersion = 12.3;
						TestTargetID = 9C64675B2592C2A000E86C93;
					};
				};
			};
			buildConfigurationList = 9C64674B2592C29F00E86C93 /* Build configuration list for PBXProject "rest-consumer" */;
			compatibilityVersion = "Xcode 9.3";
			developmentRegion = en;
			hasScannedForEncodings = 0;
			knownRegions = (
				en,
				Base,
			);
			mainGroup = 9C6467472592C29F00E86C93;
			productRefGroup = 9C6467552592C2A000E86C93 /* Products */;
			projectDirPath = "";
			projectRoot = "";
			targets = (
				9C6467532592C2A000E86C93 /* rest-consumer (iOS) */,
				9C64675B2592C2A000E86C93 /* rest-consumer (macOS) */,
				9C6467632592C2A000E86C93 /* Tests iOS */,
				9C64676E2592C2A000E86C93 /* Tests macOS */,
			);
		};
/* End PBXProject section */

/* Begin PBXResourcesBuildPhase section */
		9C6467522592C2A000E86C93 /* Resources */ = {
			isa = PBXResourcesBuildPhase;
			buildActionMask = 2147483647;
			files = (
				9C64677A2592C2A000E86C93 /* Assets.xcassets in Resources */,
			);
			runOnlyForDeploymentPostprocessing = 0;
		};
		9C64675A2592C2A000E86C93 /* Resources */ = {
			isa = PBXResourcesBuildPhase;
			buildActionMask = 2147483647;
			files = (
				9C64677B2592C2A000E86C93 /* Assets.xcassets in Resources */,
			);
			runOnlyForDeploymentPostprocessing = 0;
		};
		9C6467622592C2A000E86C93 /* Resources */ = {
			isa = PBXResourcesBuildPhase;
			buildActionMask = 2147483647;
			files = (
			);
			runOnlyForDeploymentPostprocessing = 0;
		};
		9C64676D2592C2A000E86C93 /* Resources */ = {
			isa = PBXResourcesBuildPhase;
			buildActionMask = 2147483647;
			files = (
			);
			runOnlyForDeploymentPostprocessing = 0;
		};
/* End PBXResourcesBuildPhase section */

/* Begin PBXSourcesBuildPhase section */
		9C6467502592C2A000E86C93 /* Sources */ = {
			isa = PBXSourcesBuildPhase;
			buildActionMask = 2147483647;
			files = (
				9C64678F2592C48600E86C93 /* NetworkManager.swift in Sources */,
				9C6467782592C2A000E86C93 /* ContentView.swift in Sources */,
				9C64679B2592CC7400E86C93 /* PostListViewModel.swift in Sources */,
				9C6467762592C2A000E86C93 /* rest_consumerApp.swift in Sources */,
				9C6467952592C5A300E86C93 /* Post.swift in Sources */,
			);
			runOnlyForDeploymentPostprocessing = 0;
		};
		9C6467582592C2A000E86C93 /* Sources */ = {
			isa = PBXSourcesBuildPhase;
			buildActionMask = 2147483647;
			files = (
				9C6467792592C2A000E86C93 /* ContentView.swift in Sources */,
				9C6467772592C2A000E86C93 /* rest_consumerApp.swift in Sources */,
			);
			runOnlyForDeploymentPostprocessing = 0;
		};
		9C6467602592C2A000E86C93 /* Sources */ = {
			isa = PBXSourcesBuildPhase;
			buildActionMask = 2147483647;
			files = (
				9C6467692592C2A000E86C93 /* Tests_iOS.swift in Sources */,
			);
			runOnlyForDeploymentPostprocessing = 0;
		};
		9C64676B2592C2A000E86C93 /* Sources */ = {
			isa = PBXSourcesBuildPhase;
			buildActionMask = 2147483647;
			files = (
				9C6467742592C2A000E86C93 /* Tests_macOS.swift in Sources */,
			);
			runOnlyForDeploymentPostprocessing = 0;
		};
/* End PBXSourcesBuildPhase section */

/* Begin PBXTargetDependency section */
		9C6467662592C2A000E86C93 /* PBXTargetDependency */ = {
			isa = PBXTargetDependency;
			target = 9C6467532592C2A000E86C93 /* rest-consumer (iOS) */;
			targetProxy = 9C6467652592C2A000E86C93 /* PBXContainerItemProxy */;
		};
		9C6467712592C2A000E86C93 /* PBXTargetDependency */ = {
			isa = PBXTargetDependency;
			target = 9C64675B2592C2A000E86C93 /* rest-consumer (macOS) */;
			targetProxy = 9C6467702592C2A000E86C93 /* PBXContainerItemProxy */;
		};
/* End PBXTargetDependency section */

/* Begin XCBuildConfiguration section */
		9C64677C2592C2A000E86C93 /* Debug */ = {
			isa = XCBuildConfiguration;
			buildSettings = {
				ALWAYS_SEARCH_USER_PATHS = NO;
				CLANG_ANALYZER_NONNULL = YES;
				CLANG_ANALYZER_NUMBER_OBJECT_CONVERSION = YES_AGGRESSIVE;
				CLANG_CXX_LANGUAGE_STANDARD = "gnu++14";
				CLANG_CXX_LIBRARY = "libc++";
				CLANG_ENABLE_MODULES = YES;
				CLANG_ENABLE_OBJC_ARC = YES;
				CLANG_ENABLE_OBJC_WEAK = YES;
				CLANG_WARN_BLOCK_CAPTURE_AUTORELEASING = YES;
				CLANG_WARN_BOOL_CONVERSION = YES;
				CLANG_WARN_COMMA = YES;
				CLANG_WARN_CONSTANT_CONVERSION = YES;
				CLANG_WARN_DEPRECATED_OBJC_IMPLEMENTATIONS = YES;
				CLANG_WARN_DIRECT_OBJC_ISA_USAGE = YES_ERROR;
				CLANG_WARN_DOCUMENTATION_COMMENTS = YES;
				CLANG_WARN_EMPTY_BODY = YES;
				CLANG_WARN_ENUM_CONVERSION = YES;
				CLANG_WARN_INFINITE_RECURSION = YES;
				CLANG_WARN_INT_CONVERSION = YES;
				CLANG_WARN_NON_LITERAL_NULL_CONVERSION = YES;
				CLANG_WARN_OBJC_IMPLICIT_RETAIN_SELF = YES;
				CLANG_WARN_OBJC_LITERAL_CONVERSION = YES;
				CLANG_WARN_OBJC_ROOT_CLASS = YES_ERROR;
				CLANG_WARN_QUOTED_INCLUDE_IN_FRAMEWORK_HEADER = YES;
				CLANG_WARN_RANGE_LOOP_ANALYSIS = YES;
				CLANG_WARN_STRICT_PROTOTYPES = YES;
				CLANG_WARN_SUSPICIOUS_MOVE = YES;
				CLANG_WARN_UNGUARDED_AVAILABILITY = YES_AGGRESSIVE;
				CLANG_WARN_UNREACHABLE_CODE = YES;
				CLANG_WARN__DUPLICATE_METHOD_MATCH = YES;
				COPY_PHASE_STRIP = NO;
				DEBUG_INFORMATION_FORMAT = dwarf;
				ENABLE_STRICT_OBJC_MSGSEND = YES;
				ENABLE_TESTABILITY = YES;
				GCC_C_LANGUAGE_STANDARD = gnu11;
				GCC_DYNAMIC_NO_PIC = NO;
				GCC_NO_COMMON_BLOCKS = YES;
				GCC_OPTIMIZATION_LEVEL = 0;
				GCC_PREPROCESSOR_DEFINITIONS = (
					"DEBUG=1",
					"$(inherited)",
				);
				GCC_WARN_64_TO_32_BIT_CONVERSION = YES;
				GCC_WARN_ABOUT_RETURN_TYPE = YES_ERROR;
				GCC_WARN_UNDECLARED_SELECTOR = YES;
				GCC_WARN_UNINITIALIZED_AUTOS = YES_AGGRESSIVE;
				GCC_WARN_UNUSED_FUNCTION = YES;
				GCC_WARN_UNUSED_VARIABLE = YES;
				MTL_ENABLE_DEBUG_INFO = INCLUDE_SOURCE;
				MTL_FAST_MATH = YES;
				ONLY_ACTIVE_ARCH = YES;
				SWIFT_ACTIVE_COMPILATION_CONDITIONS = DEBUG;
				SWIFT_OPTIMIZATION_LEVEL = "-Onone";
			};
			name = Debug;
		};
		9C64677D2592C2A000E86C93 /* Release */ = {
			isa = XCBuildConfiguration;
			buildSettings = {
				ALWAYS_SEARCH_USER_PATHS = NO;
				CLANG_ANALYZER_NONNULL = YES;
				CLANG_ANALYZER_NUMBER_OBJECT_CONVERSION = YES_AGGRESSIVE;
				CLANG_CXX_LANGUAGE_STANDARD = "gnu++14";
				CLANG_CXX_LIBRARY = "libc++";
				CLANG_ENABLE_MODULES = YES;
				CLANG_ENABLE_OBJC_ARC = YES;
				CLANG_ENABLE_OBJC_WEAK = YES;
				CLANG_WARN_BLOCK_CAPTURE_AUTORELEASING = YES;
				CLANG_WARN_BOOL_CONVERSION = YES;
				CLANG_WARN_COMMA = YES;
				CLANG_WARN_CONSTANT_CONVERSION = YES;
				CLANG_WARN_DEPRECATED_OBJC_IMPLEMENTATIONS = YES;
				CLANG_WARN_DIRECT_OBJC_ISA_USAGE = YES_ERROR;
				CLANG_WARN_DOCUMENTATION_COMMENTS = YES;
				CLANG_WARN_EMPTY_BODY = YES;
				CLANG_WARN_ENUM_CONVERSION = YES;
				CLANG_WARN_INFINITE_RECURSION = YES;
				CLANG_WARN_INT_CONVERSION = YES;
				CLANG_WARN_NON_LITERAL_NULL_CONVERSION = YES;
				CLANG_WARN_OBJC_IMPLICIT_RETAIN_SELF = YES;
				CLANG_WARN_OBJC_LITERAL_CONVERSION = YES;
				CLANG_WARN_OBJC_ROOT_CLASS = YES_ERROR;
				CLANG_WARN_QUOTED_INCLUDE_IN_FRAMEWORK_HEADER = YES;
				CLANG_WARN_RANGE_LOOP_ANALYSIS = YES;
				CLANG_WARN_STRICT_PROTOTYPES = YES;
				CLANG_WARN_SUSPICIOUS_MOVE = YES;
				CLANG_WARN_UNGUARDED_AVAILABILITY = YES_AGGRESSIVE;
				CLANG_WARN_UNREACHABLE_CODE = YES;
				CLANG_WARN__DUPLICATE_METHOD_MATCH = YES;
				COPY_PHASE_STRIP = NO;
				DEBUG_INFORMATION_FORMAT = "dwarf-with-dsym";
				ENABLE_NS_ASSERTIONS = NO;
				ENABLE_STRICT_OBJC_MSGSEND = YES;
				GCC_C_LANGUAGE_STANDARD = gnu11;
				GCC_NO_COMMON_BLOCKS = YES;
				GCC_WARN_64_TO_32_BIT_CONVERSION = YES;
				GCC_WARN_ABOUT_RETURN_TYPE = YES_ERROR;
				GCC_WARN_UNDECLARED_SELECTOR = YES;
				GCC_WARN_UNINITIALIZED_AUTOS = YES_AGGRESSIVE;
				GCC_WARN_UNUSED_FUNCTION = YES;
				GCC_WARN_UNUSED_VARIABLE = YES;
				MTL_ENABLE_DEBUG_INFO = NO;
				MTL_FAST_MATH = YES;
				SWIFT_COMPILATION_MODE = wholemodule;
				SWIFT_OPTIMIZATION_LEVEL = "-O";
			};
			name = Release;
		};
		9C64677F2592C2A000E86C93 /* Debug */ = {
			isa = XCBuildConfiguration;
			buildSettings = {
				ASSETCATALOG_COMPILER_APPICON_NAME = AppIcon;
				ASSETCATALOG_COMPILER_GLOBAL_ACCENT_COLOR_NAME = AccentColor;
				CODE_SIGN_STYLE = Automatic;
				ENABLE_PREVIEWS = YES;
				INFOPLIST_FILE = iOS/Info.plist;
				IPHONEOS_DEPLOYMENT_TARGET = 14.0;
				LD_RUNPATH_SEARCH_PATHS = (
					"$(inherited)",
					"@executable_path/Frameworks",
				);
				PRODUCT_BUNDLE_IDENTIFIER = "test.rest-consumer";
				PRODUCT_NAME = "rest-consumer";
				SDKROOT = iphoneos;
				SWIFT_VERSION = 5.0;
				TARGETED_DEVICE_FAMILY = "1,2";
			};
			name = Debug;
		};
		9C6467802592C2A000E86C93 /* Release */ = {
			isa = XCBuildConfiguration;
			buildSettings = {
				ASSETCATALOG_COMPILER_APPICON_NAME = AppIcon;
				ASSETCATALOG_COMPILER_GLOBAL_ACCENT_COLOR_NAME = AccentColor;
				CODE_SIGN_STYLE = Automatic;
				ENABLE_PREVIEWS = YES;
				INFOPLIST_FILE = iOS/Info.plist;
				IPHONEOS_DEPLOYMENT_TARGET = 14.0;
				LD_RUNPATH_SEARCH_PATHS = (
					"$(inherited)",
					"@executable_path/Frameworks",
				);
				PRODUCT_BUNDLE_IDENTIFIER = "test.rest-consumer";
				PRODUCT_NAME = "rest-consumer";
				SDKROOT = iphoneos;
				SWIFT_VERSION = 5.0;
				TARGETED_DEVICE_FAMILY = "1,2";
				VALIDATE_PRODUCT = YES;
			};
			name = Release;
		};
		9C6467822592C2A000E86C93 /* Debug */ = {
			isa = XCBuildConfiguration;
			buildSettings = {
				ASSETCATALOG_COMPILER_APPICON_NAME = AppIcon;
				ASSETCATALOG_COMPILER_GLOBAL_ACCENT_COLOR_NAME = AccentColor;
				CODE_SIGN_ENTITLEMENTS = macOS/macOS.entitlements;
				CODE_SIGN_STYLE = Automatic;
				COMBINE_HIDPI_IMAGES = YES;
				ENABLE_PREVIEWS = YES;
				INFOPLIST_FILE = macOS/Info.plist;
				LD_RUNPATH_SEARCH_PATHS = (
					"$(inherited)",
					"@executable_path/../Frameworks",
				);
				MACOSX_DEPLOYMENT_TARGET = 11.0;
				PRODUCT_BUNDLE_IDENTIFIER = "test.rest-consumer";
				PRODUCT_NAME = "rest-consumer";
				SDKROOT = macosx;
				SWIFT_VERSION = 5.0;
			};
			name = Debug;
		};
		9C6467832592C2A000E86C93 /* Release */ = {
			isa = XCBuildConfiguration;
			buildSettings = {
				ASSETCATALOG_COMPILER_APPICON_NAME = AppIcon;
				ASSETCATALOG_COMPILER_GLOBAL_ACCENT_COLOR_NAME = AccentColor;
				CODE_SIGN_ENTITLEMENTS = macOS/macOS.entitlements;
				CODE_SIGN_STYLE = Automatic;
				COMBINE_HIDPI_IMAGES = YES;
				ENABLE_PREVIEWS = YES;
				INFOPLIST_FILE = macOS/Info.plist;
				LD_RUNPATH_SEARCH_PATHS = (
					"$(inherited)",
					"@executable_path/../Frameworks",
				);
				MACOSX_DEPLOYMENT_TARGET = 11.0;
				PRODUCT_BUNDLE_IDENTIFIER = "test.rest-consumer";
				PRODUCT_NAME = "rest-consumer";
				SDKROOT = macosx;
				SWIFT_VERSION = 5.0;
			};
			name = Release;
		};
		9C6467852592C2A000E86C93 /* Debug */ = {
			isa = XCBuildConfiguration;
			buildSettings = {
				ALWAYS_EMBED_SWIFT_STANDARD_LIBRARIES = YES;
				CODE_SIGN_STYLE = Automatic;
				INFOPLIST_FILE = "Tests iOS/Info.plist";
				IPHONEOS_DEPLOYMENT_TARGET = 14.3;
				LD_RUNPATH_SEARCH_PATHS = (
					"$(inherited)",
					"@executable_path/Frameworks",
					"@loader_path/Frameworks",
				);
				PRODUCT_BUNDLE_IDENTIFIER = "test.Tests-iOS";
				PRODUCT_NAME = "$(TARGET_NAME)";
				SDKROOT = iphoneos;
				SWIFT_VERSION = 5.0;
				TARGETED_DEVICE_FAMILY = "1,2";
				TEST_TARGET_NAME = "rest-consumer (iOS)";
			};
			name = Debug;
		};
		9C6467862592C2A000E86C93 /* Release */ = {
			isa = XCBuildConfiguration;
			buildSettings = {
				ALWAYS_EMBED_SWIFT_STANDARD_LIBRARIES = YES;
				CODE_SIGN_STYLE = Automatic;
				INFOPLIST_FILE = "Tests iOS/Info.plist";
				IPHONEOS_DEPLOYMENT_TARGET = 14.3;
				LD_RUNPATH_SEARCH_PATHS = (
					"$(inherited)",
					"@executable_path/Frameworks",
					"@loader_path/Frameworks",
				);
				PRODUCT_BUNDLE_IDENTIFIER = "test.Tests-iOS";
				PRODUCT_NAME = "$(TARGET_NAME)";
				SDKROOT = iphoneos;
				SWIFT_VERSION = 5.0;
				TARGETED_DEVICE_FAMILY = "1,2";
				TEST_TARGET_NAME = "rest-consumer (iOS)";
				VALIDATE_PRODUCT = YES;
			};
			name = Release;
		};
		9C6467882592C2A000E86C93 /* Debug */ = {
			isa = XCBuildConfiguration;
			buildSettings = {
				ALWAYS_EMBED_SWIFT_STANDARD_LIBRARIES = YES;
				CODE_SIGN_STYLE = Automatic;
				COMBINE_HIDPI_IMAGES = YES;
				INFOPLIST_FILE = "Tests macOS/Info.plist";
				LD_RUNPATH_SEARCH_PATHS = (
					"$(inherited)",
					"@executable_path/../Frameworks",
					"@loader_path/../Frameworks",
				);
				MACOSX_DEPLOYMENT_TARGET = 11.0;
				PRODUCT_BUNDLE_IDENTIFIER = "test.Tests-macOS";
				PRODUCT_NAME = "$(TARGET_NAME)";
				SDKROOT = macosx;
				SWIFT_VERSION = 5.0;
				TEST_TARGET_NAME = "rest-consumer (macOS)";
			};
			name = Debug;
		};
		9C6467892592C2A000E86C93 /* Release */ = {
			isa = XCBuildConfiguration;
			buildSettings = {
				ALWAYS_EMBED_SWIFT_STANDARD_LIBRARIES = YES;
				CODE_SIGN_STYLE = Automatic;
				COMBINE_HIDPI_IMAGES = YES;
				INFOPLIST_FILE = "Tests macOS/Info.plist";
				LD_RUNPATH_SEARCH_PATHS = (
					"$(inherited)",
					"@executable_path/../Frameworks",
					"@loader_path/../Frameworks",
				);
				MACOSX_DEPLOYMENT_TARGET = 11.0;
				PRODUCT_BUNDLE_IDENTIFIER = "test.Tests-macOS";
				PRODUCT_NAME = "$(TARGET_NAME)";
				SDKROOT = macosx;
				SWIFT_VERSION = 5.0;
				TEST_TARGET_NAME = "rest-consumer (macOS)";
			};
			name = Release;
		};
/* End XCBuildConfiguration section */

/* Begin XCConfigurationList section */
		9C64674B2592C29F00E86C93 /* Build configuration list for PBXProject "rest-consumer" */ = {
			isa = XCConfigurationList;
			buildConfigurations = (
				9C64677C2592C2A000E86C93 /* Debug */,
				9C64677D2592C2A000E86C93 /* Release */,
			);
			defaultConfigurationIsVisible = 0;
			defaultConfigurationName = Release;
		};
		9C64677E2592C2A000E86C93 /* Build configuration list for PBXNativeTarget "rest-consumer (iOS)" */ = {
			isa = XCConfigurationList;
			buildConfigurations = (
				9C64677F2592C2A000E86C93 /* Debug */,
				9C6467802592C2A000E86C93 /* Release */,
			);
			defaultConfigurationIsVisible = 0;
			defaultConfigurationName = Release;
		};
		9C6467812592C2A000E86C93 /* Build configuration list for PBXNativeTarget "rest-consumer (macOS)" */ = {
			isa = XCConfigurationList;
			buildConfigurations = (
				9C6467822592C2A000E86C93 /* Debug */,
				9C6467832592C2A000E86C93 /* Release */,
			);
			defaultConfigurationIsVisible = 0;
			defaultConfigurationName = Release;
		};
		9C6467842592C2A000E86C93 /* Build configuration list for PBXNativeTarget "Tests iOS" */ = {
			isa = XCConfigurationList;
			buildConfigurations = (
				9C6467852592C2A000E86C93 /* Debug */,
				9C6467862592C2A000E86C93 /* Release */,
			);
			defaultConfigurationIsVisible = 0;
			defaultConfigurationName = Release;
		};
		9C6467872592C2A000E86C93 /* Build configuration list for PBXNativeTarget "Tests macOS" */ = {
			isa = XCConfigurationList;
			buildConfigurations = (
				9C6467882592C2A000E86C93 /* Debug */,
				9C6467892592C2A000E86C93 /* Release */,
			);
			defaultConfigurationIsVisible = 0;
			defaultConfigurationName = Release;
		};
/* End XCConfigurationList section */
	};
	rootObject = 9C6467482592C29F00E86C93 /* Project object */;
}
